// !$*UTF8*$!
{
	archiveVersion = 1;
	classes = {
	};
	objectVersion = 56;
	objects = {

/* Begin PBXBuildFile section */
		A10000000000000000000001 /* SignalBridgeMT5App.swift in Sources */ = {isa = PBXBuildFile; fileRef = A20000000000000000000001 /* SignalBridgeMT5App.swift */; };
		A10000000000000000000002 /* Models.swift in Sources */ = {isa = PBXBuildFile; fileRef = A20000000000000000000002 /* Models.swift */; };
		A10000000000000000000003 /* Theme.swift in Sources */ = {isa = PBXBuildFile; fileRef = A20000000000000000000003 /* Theme.swift */; };
		A10000000000000000000004 /* Helpers.swift in Sources */ = {isa = PBXBuildFile; fileRef = A20000000000000000000004 /* Helpers.swift */; };
		A10000000000000000000005 /* JsonParsers.swift in Sources */ = {isa = PBXBuildFile; fileRef = A20000000000000000000005 /* JsonParsers.swift */; };
		A10000000000000000000006 /* SessionStore.swift in Sources */ = {isa = PBXBuildFile; fileRef = A20000000000000000000006 /* SessionStore.swift */; };
		A10000000000000000000007 /* NetworkService.swift in Sources */ = {isa = PBXBuildFile; fileRef = A20000000000000000000007 /* NetworkService.swift */; };
		A10000000000000000000008 /* AppViewModel.swift in Sources */ = {isa = PBXBuildFile; fileRef = A20000000000000000000008 /* AppViewModel.swift */; };
		A10000000000000000000009 /* ComponentViews.swift in Sources */ = {isa = PBXBuildFile; fileRef = A20000000000000000000009 /* ComponentViews.swift */; };
		A1000000000000000000000A /* ScreenViews.swift in Sources */ = {isa = PBXBuildFile; fileRef = A2000000000000000000000A /* ScreenViews.swift */; };
		A1000000000000000000000B /* Assets.xcassets in Resources */ = {isa = PBXBuildFile; fileRef = A2000000000000000000000C /* Assets.xcassets */; };
		A1000000000000000000000C /* LocalNetworkAuthorizer.swift in Sources */ = {isa = PBXBuildFile; fileRef = A2000000000000000000000D /* LocalNetworkAuthorizer.swift */; };
		A1000000000000000000000D /* PingResult.swift in Sources */ = {isa = PBXBuildFile; fileRef = A2000000000000000000000E /* PingResult.swift */; };
		A1000000000000000000000E /* AppConfig.swift in Sources */ = {isa = PBXBuildFile; fileRef = A2000000000000000000000F /* AppConfig.swift */; };
		A1000000000000000000000F /* StrategyViews.swift in Sources */ = {isa = PBXBuildFile; fileRef = A20000000000000000000010 /* StrategyViews.swift */; };
		A10000000000000000000010 /* BacktestResultsPaginationView.swift in Sources */ = {isa = PBXBuildFile; fileRef = A20000000000000000000011 /* BacktestResultsPaginationView.swift */; };
/* End PBXBuildFile section */

/* Begin PBXFileReference section */
		A20000000000000000000001 /* SignalBridgeMT5App.swift */ = {isa = PBXFileReference; lastKnownFileType = sourcecode.swift; path = SignalBridgeMT5App.swift; sourceTree = "<group>"; };
		A20000000000000000000002 /* Models.swift */ = {isa = PBXFileReference; lastKnownFileType = sourcecode.swift; path = Models.swift; sourceTree = "<group>"; };
		A20000000000000000000003 /* Theme.swift */ = {isa = PBXFileReference; lastKnownFileType = sourcecode.swift; path = Theme.swift; sourceTree = "<group>"; };
		A20000000000000000000004 /* Helpers.swift */ = {isa = PBXFileReference; lastKnownFileType = sourcecode.swift; path = Helpers.swift; sourceTree = "<group>"; };
		A20000000000000000000005 /* JsonParsers.swift */ = {isa = PBXFileReference; lastKnownFileType = sourcecode.swift; path = JsonParsers.swift; sourceTree = "<group>"; };
		A20000000000000000000006 /* SessionStore.swift */ = {isa = PBXFileReference; lastKnownFileType = sourcecode.swift; path = SessionStore.swift; sourceTree = "<group>"; };
		A20000000000000000000007 /* NetworkService.swift */ = {isa = PBXFileReference; lastKnownFileType = sourcecode.swift; path = NetworkService.swift; sourceTree = "<group>"; };
		A20000000000000000000008 /* AppViewModel.swift */ = {isa = PBXFileReference; lastKnownFileType = sourcecode.swift; path = AppViewModel.swift; sourceTree = "<group>"; };
		A20000000000000000000009 /* ComponentViews.swift */ = {isa = PBXFileReference; lastKnownFileType = sourcecode.swift; path = ComponentViews.swift; sourceTree = "<group>"; };
		A2000000000000000000000A /* ScreenViews.swift */ = {isa = PBXFileReference; lastKnownFileType = sourcecode.swift; path = ScreenViews.swift; sourceTree = "<group>"; };
		A2000000000000000000000B /* Info.plist */ = {isa = PBXFileReference; lastKnownFileType = text.plist.xml; path = Info.plist; sourceTree = "<group>"; };
		A2000000000000000000000C /* Assets.xcassets */ = {isa = PBXFileReference; lastKnownFileType = folder.assetcatalog; path = Assets.xcassets; sourceTree = "<group>"; };
		A2000000000000000000000D /* LocalNetworkAuthorizer.swift */ = {isa = PBXFileReference; lastKnownFileType = sourcecode.swift; path = LocalNetworkAuthorizer.swift; sourceTree = "<group>"; };
		A2000000000000000000000E /* PingResult.swift */ = {isa = PBXFileReference; lastKnownFileType = sourcecode.swift; path = PingResult.swift; sourceTree = "<group>"; };
		A2000000000000000000000F /* AppConfig.swift */ = {isa = PBXFileReference; lastKnownFileType = sourcecode.swift; path = AppConfig.swift; sourceTree = "<group>"; };
		A20000000000000000000010 /* StrategyViews.swift */ = {isa = PBXFileReference; lastKnownFileType = sourcecode.swift; path = StrategyViews.swift; sourceTree = "<group>"; };
		A20000000000000000000011 /* BacktestResultsPaginationView.swift */ = {isa = PBXFileReference; lastKnownFileType = sourcecode.swift; path = BacktestResultsPaginationView.swift; sourceTree = "<group>"; };
		A30000000000000000000001 /* SignalBridgeMT5.app */ = {isa = PBXFileReference; explicitFileType = wrapper.application; includeInIndex = 0; path = SignalBridgeMT5.app; sourceTree = BUILT_PRODUCTS_DIR; };
/* End PBXFileReference section */

/* Begin PBXFrameworksBuildPhase section */
		A40000000000000000000001 /* Frameworks */ = {
			isa = PBXFrameworksBuildPhase;
			buildActionMask = 2147483647;
			files = (
			);
			runOnlyForDeploymentPostprocessing = 0;
		};
/* End PBXFrameworksBuildPhase section */

/* Begin PBXGroup section */
		A50000000000000000000001 = {
			isa = PBXGroup;
			children = (
				A50000000000000000000002 /* SignalBridgeMT5 */,
				A50000000000000000000003 /* Products */,
			);
			sourceTree = "<group>";
		};
		A50000000000000000000002 /* SignalBridgeMT5 */ = {
			isa = PBXGroup;
			children = (
				A20000000000000000000001 /* SignalBridgeMT5App.swift */,
				A20000000000000000000002 /* Models.swift */,
				A20000000000000000000003 /* Theme.swift */,
				A20000000000000000000004 /* Helpers.swift */,
				A20000000000000000000005 /* JsonParsers.swift */,
				A20000000000000000000006 /* SessionStore.swift */,
				A20000000000000000000007 /* NetworkService.swift */,
				A20000000000000000000008 /* AppViewModel.swift */,
				A20000000000000000000009 /* ComponentViews.swift */,
				A2000000000000000000000A /* ScreenViews.swift */,
				A2000000000000000000000D /* LocalNetworkAuthorizer.swift */,
				A2000000000000000000000E /* PingResult.swift */,
				A2000000000000000000000F /* AppConfig.swift */,
				A20000000000000000000010 /* StrategyViews.swift */,
				A20000000000000000000011 /* BacktestResultsPaginationView.swift */,
				A2000000000000000000000B /* Info.plist */,
				A2000000000000000000000C /* Assets.xcassets */,
			);
			path = SignalBridgeMT5;
			sourceTree = "<group>";
		};
		A50000000000000000000003 /* Products */ = {
			isa = PBXGroup;
			children = (
				A30000000000000000000001 /* SignalBridgeMT5.app */,
			);
			name = Products;
			sourceTree = "<group>";
		};
/* End PBXGroup section */

/* Begin PBXNativeTarget section */
		A60000000000000000000001 /* SignalBridgeMT5 */ = {
			isa = PBXNativeTarget;
			buildConfigurationList = A80000000000000000000003 /* Build configuration list for PBXNativeTarget "SignalBridgeMT5" */;
			buildPhases = (
				A70000000000000000000001 /* Sources */,
				A40000000000000000000001 /* Frameworks */,
				A70000000000000000000002 /* Resources */,
			);
			buildRules = (
			);
			dependencies = (
			);
			name = SignalBridgeMT5;
			productName = SignalBridgeMT5;
			productReference = A30000000000000000000001 /* SignalBridgeMT5.app */;
			productType = "com.apple.product-type.application";
		};
/* End PBXNativeTarget section */

/* Begin PBXProject section */
		A90000000000000000000001 /* Project object */ = {
			isa = PBXProject;
			attributes = {
				BuildIndependentTargetsInParallel = 1;
				LastSwiftUpdateCheck = 1500;
				LastUpgradeCheck = 1500;
				TargetAttributes = {
					A60000000000000000000001 = {
						CreatedOnToolsVersion = 15.0;
					};
				};
			};
			buildConfigurationList = A80000000000000000000001 /* Build configuration list for PBXProject "SignalBridgeMT5" */;
			compatibilityVersion = "Xcode 14.0";
			developmentRegion = en;
			hasScannedForEncodings = 0;
			knownRegions = (
				en,
				Base,
			);
			mainGroup = A50000000000000000000001;
			productRefGroup = A50000000000000000000003 /* Products */;
			projectDirPath = "";
			projectRoot = "";
			targets = (
				A60000000000000000000001 /* SignalBridgeMT5 */,
			);
		};
/* End PBXProject section */

/* Begin PBXResourcesBuildPhase section */
		A70000000000000000000002 /* Resources */ = {
			isa = PBXResourcesBuildPhase;
			buildActionMask = 2147483647;
			files = (
				A1000000000000000000000B /* Assets.xcassets in Resources */,
			);
			runOnlyForDeploymentPostprocessing = 0;
		};
/* End PBXResourcesBuildPhase section */

/* Begin PBXSourcesBuildPhase section */
		A70000000000000000000001 /* Sources */ = {
			isa = PBXSourcesBuildPhase;
			buildActionMask = 2147483647;
			files = (
				A10000000000000000000001 /* SignalBridgeMT5App.swift in Sources */,
				A10000000000000000000002 /* Models.swift in Sources */,
				A10000000000000000000003 /* Theme.swift in Sources */,
				A10000000000000000000004 /* Helpers.swift in Sources */,
				A10000000000000000000005 /* JsonParsers.swift in Sources */,
				A10000000000000000000006 /* SessionStore.swift in Sources */,
				A10000000000000000000007 /* NetworkService.swift in Sources */,
				A10000000000000000000008 /* AppViewModel.swift in Sources */,
				A10000000000000000000009 /* ComponentViews.swift in Sources */,
				A1000000000000000000000A /* ScreenViews.swift in Sources */,
				A1000000000000000000000C /* LocalNetworkAuthorizer.swift in Sources */,
				A1000000000000000000000D /* PingResult.swift in Sources */,
				A1000000000000000000000E /* AppConfig.swift in Sources */,
				A1000000000000000000000F /* StrategyViews.swift in Sources */,
				A10000000000000000000010 /* BacktestResultsPaginationView.swift in Sources */,
			);
			runOnlyForDeploymentPostprocessing = 0;
		};
/* End PBXSourcesBuildPhase section */

/* Begin XCBuildConfiguration section */
		AA0000000000000000000001 /* Debug */ = {
			isa = XCBuildConfiguration;
			buildSettings = {
				ALWAYS_SEARCH_USER_PATHS = NO;
				CLANG_ENABLE_MODULES = YES;
				CODE_SIGN_STYLE = Automatic;
				COPY_PHASE_STRIP = NO;
				DEBUG_INFORMATION_FORMAT = dwarf;
				ENABLE_TESTABILITY = YES;
				GCC_DYNAMIC_NO_PIC = NO;
				GCC_OPTIMIZATION_LEVEL = 0;
				IPHONEOS_DEPLOYMENT_TARGET = 26.0;
				ONLY_ACTIVE_ARCH = YES;
				SDKROOT = iphoneos;
				SWIFT_ACTIVE_COMPILATION_CONDITIONS = DEBUG;
				SWIFT_OPTIMIZATION_LEVEL = "-Onone";
				SWIFT_VERSION = 5.0;
			};
			name = Debug;
		};
		AA0000000000000000000002 /* Release */ = {
			isa = XCBuildConfiguration;
			buildSettings = {
				ALWAYS_SEARCH_USER_PATHS = NO;
				CLANG_ENABLE_MODULES = YES;
				CODE_SIGN_STYLE = Automatic;
				COPY_PHASE_STRIP = NO;
				DEBUG_INFORMATION_FORMAT = "dwarf-with-dsym";
				IPHONEOS_DEPLOYMENT_TARGET = 26.0;
				SDKROOT = iphoneos;
				SWIFT_COMPILATION_MODE = wholemodule;
				SWIFT_VERSION = 5.0;
				VALIDATE_PRODUCT = YES;
			};
			name = Release;
		};
		AA0000000000000000000003 /* Debug */ = {
			isa = XCBuildConfiguration;
			buildSettings = {
				ASSETCATALOG_COMPILER_APPICON_NAME = AppIcon;
				CODE_SIGN_STYLE = Automatic;
				CURRENT_PROJECT_VERSION = 3;
				DEVELOPMENT_TEAM = AY26W83TL9;
				GENERATE_INFOPLIST_FILE = NO;
				INFOPLIST_FILE = SignalBridgeMT5/Info.plist;
				INFOPLIST_KEY_UIApplicationSupportsIndirectInputEvents = YES;
				LD_RUNPATH_SEARCH_PATHS = (
					"$(inherited)",
					"@executable_path/Frameworks",
				);
				MARKETING_VERSION = 1.0.0;
				PRODUCT_BUNDLE_IDENTIFIER = com.signalbridge.mt5;
				PRODUCT_NAME = "$(TARGET_NAME)";
				SUPPORTED_PLATFORMS = "iphoneos iphonesimulator";
				SUPPORTS_MACCATALYST = NO;
				SWIFT_EMIT_LOC_STRINGS = YES;
				SWIFT_VERSION = 5.0;
				TARGETED_DEVICE_FAMILY = 1;
			};
			name = Debug;
		};
		AA0000000000000000000004 /* Release */ = {
			isa = XCBuildConfiguration;
			buildSettings = {
				ASSETCATALOG_COMPILER_APPICON_NAME = AppIcon;
				CODE_SIGN_STYLE = Automatic;
				CURRENT_PROJECT_VERSION = 3;
				DEVELOPMENT_TEAM = AY26W83TL9;
				GENERATE_INFOPLIST_FILE = NO;
				INFOPLIST_FILE = SignalBridgeMT5/Info.plist;
				INFOPLIST_KEY_UIApplicationSupportsIndirectInputEvents = YES;
				LD_RUNPATH_SEARCH_PATHS = (
					"$(inherited)",
					"@executable_path/Frameworks",
				);
				MARKETING_VERSION = 1.0.0;
				PRODUCT_BUNDLE_IDENTIFIER = com.signalbridge.mt5;
				PRODUCT_NAME = "$(TARGET_NAME)";
				SUPPORTED_PLATFORMS = "iphoneos iphonesimulator";
				SUPPORTS_MACCATALYST = NO;
				SWIFT_EMIT_LOC_STRINGS = YES;
				SWIFT_VERSION = 5.0;
				TARGETED_DEVICE_FAMILY = 1;
			};
			name = Release;
		};
/* End XCBuildConfiguration section */

/* Begin XCConfigurationList section */
		A80000000000000000000001 /* Build configuration list for PBXProject "SignalBridgeMT5" */ = {
			isa = XCConfigurationList;
			buildConfigurations = (
				AA0000000000000000000001 /* Debug */,
				AA0000000000000000000002 /* Release */,
			);
			defaultConfigurationIsVisible = 0;
			defaultConfigurationName = Release;
		};
		A80000000000000000000003 /* Build configuration list for PBXNativeTarget "SignalBridgeMT5" */ = {
			isa = XCConfigurationList;
			buildConfigurations = (
				AA0000000000000000000003 /* Debug */,
				AA0000000000000000000004 /* Release */,
			);
			defaultConfigurationIsVisible = 0;
			defaultConfigurationName = Release;
		};
/* End XCConfigurationList section */
	};
	rootObject = A90000000000000000000001 /* Project object */;
}
